
Microsoft Visual Studio Solution File, Format Version 12.00
# Visual Studio Version 16
VisualStudioVersion = 16.0.28803.156
MinimumVisualStudioVersion = 10.0.40219.1
Project("{9A19103F-16F7-4668-BE54-9A1E7A4F7556}") = "Eto.Veldrid", "src\Eto.Veldrid\Eto.Veldrid.csproj", "{72B9021E-5D60-4494-8C19-96EA28F1154E}"
EndProject
Project("{FAE04EC0-301F-11D3-BF4B-00C04F79EFBC}") = "Eto.Veldrid.Gtk", "src\Eto.Veldrid.Gtk\Eto.Veldrid.Gtk.csproj", "{280A06EE-3A6C-422F-B303-040F90EA4B3B}"
EndProject
Project("{9A19103F-16F7-4668-BE54-9A1E7A4F7556}") = "Eto.Veldrid.Gtk2", "src\Eto.Veldrid.Gtk2\Eto.Veldrid.Gtk2.csproj", "{FECAE646-75A5-4BA8-A038-4F36F4C8A98B}"
EndProject
Project("{9A19103F-16F7-4668-BE54-9A1E7A4F7556}") = "Eto.Veldrid.Mac64", "src\Eto.Veldrid.Mac\Eto.Veldrid.Mac64.csproj", "{E8C6995B-791B-449A-A9B9-AEA2047FAA1E}"
EndProject
Project("{9A19103F-16F7-4668-BE54-9A1E7A4F7556}") = "Eto.Veldrid.WinForms", "src\Eto.Veldrid.WinForms\Eto.Veldrid.WinForms.csproj", "{748ABF6C-F3E3-4872-8746-627ABFA7D322}"
EndProject
Project("{9A19103F-16F7-4668-BE54-9A1E7A4F7556}") = "Eto.Veldrid.Wpf", "src\Eto.Veldrid.Wpf\Eto.Veldrid.Wpf.csproj", "{2B8EAE29-7D66-4C15-918E-A7C2ED97F040}"
EndProject
Project("{2150E333-8FDC-42A3-9474-1A3956D46DE8}") = "Solution Items", "Solution Items", "{8C8D5E21-3AAE-42EC-B70F-4DD7370DF21A}"
	ProjectSection(SolutionItems) = preProject
		.editorconfig = .editorconfig
		Directory.Build.props = Directory.Build.props
		Directory.Build.targets = Directory.Build.targets
	EndProjectSection
EndProject
Project("{2150E333-8FDC-42A3-9474-1A3956D46DE8}") = "src", "src", "{6136B651-45C5-48C7-80E7-943FF2461732}"
EndProject
Project("{2150E333-8FDC-42A3-9474-1A3956D46DE8}") = "test", "test", "{48C6A621-D898-4932-A28F-DFC0C1B272B6}"
EndProject
Project("{9A19103F-16F7-4668-BE54-9A1E7A4F7556}") = "TestEtoVeldrid", "test\TestEtoVeldrid\TestEtoVeldrid.csproj", "{C6DF4487-DCBA-4047-9261-4BE7BEC6E2E4}"
EndProject
Project("{FAE04EC0-301F-11D3-BF4B-00C04F79EFBC}") = "TestEtoVeldrid.Gtk", "test\TestEtoVeldrid.Gtk\TestEtoVeldrid.Gtk.csproj", "{AB71CC3A-A9A4-4EA0-96FB-16036E92BBC9}"
EndProject
Project("{9A19103F-16F7-4668-BE54-9A1E7A4F7556}") = "TestEtoVeldrid.Gtk2", "test\TestEtoVeldrid.Gtk2\TestEtoVeldrid.Gtk2.csproj", "{B4784434-C4E4-4C60-A1FD-0D9A1497B674}"
EndProject
Project("{9A19103F-16F7-4668-BE54-9A1E7A4F7556}") = "TestEtoVeldrid.Mac64", "test\TestEtoVeldrid.Mac\TestEtoVeldrid.Mac64.csproj", "{6AF05698-3D64-4FA5-B9DE-CCA2C2DD9CA1}"
EndProject
Project("{9A19103F-16F7-4668-BE54-9A1E7A4F7556}") = "TestEtoVeldrid.WinForms", "test\TestEtoVeldrid.WinForms\TestEtoVeldrid.WinForms.csproj", "{3589BA37-A44E-49DB-A370-26D41EB3955F}"
EndProject
Project("{9A19103F-16F7-4668-BE54-9A1E7A4F7556}") = "TestEtoVeldrid.Wpf", "test\TestEtoVeldrid.Wpf\TestEtoVeldrid.Wpf.csproj", "{51F518B4-5A7F-438D-A164-145D527DB1FF}"
EndProject
Global
	GlobalSection(SolutionConfigurationPlatforms) = preSolution
		Debug|Any CPU = Debug|Any CPU
		Release|Any CPU = Release|Any CPU
	EndGlobalSection
	GlobalSection(ProjectConfigurationPlatforms) = postSolution
		{72B9021E-5D60-4494-8C19-96EA28F1154E}.Debug|Any CPU.ActiveCfg = Debug|Any CPU
		{72B9021E-5D60-4494-8C19-96EA28F1154E}.Debug|Any CPU.Build.0 = Debug|Any CPU
		{72B9021E-5D60-4494-8C19-96EA28F1154E}.Release|Any CPU.ActiveCfg = Release|Any CPU
		{72B9021E-5D60-4494-8C19-96EA28F1154E}.Release|Any CPU.Build.0 = Release|Any CPU
		{FECAE646-75A5-4BA8-A038-4F36F4C8A98B}.Debug|Any CPU.ActiveCfg = Debug|Any CPU
		{FECAE646-75A5-4BA8-A038-4F36F4C8A98B}.Debug|Any CPU.Build.0 = Debug|Any CPU
		{FECAE646-75A5-4BA8-A038-4F36F4C8A98B}.Release|Any CPU.ActiveCfg = Release|Any CPU
		{FECAE646-75A5-4BA8-A038-4F36F4C8A98B}.Release|Any CPU.Build.0 = Release|Any CPU
		{E8C6995B-791B-449A-A9B9-AEA2047FAA1E}.Debug|Any CPU.ActiveCfg = Debug|Any CPU
		{E8C6995B-791B-449A-A9B9-AEA2047FAA1E}.Debug|Any CPU.Build.0 = Debug|Any CPU
		{E8C6995B-791B-449A-A9B9-AEA2047FAA1E}.Release|Any CPU.ActiveCfg = Release|Any CPU
		{E8C6995B-791B-449A-A9B9-AEA2047FAA1E}.Release|Any CPU.Build.0 = Release|Any CPU
		{2B8EAE29-7D66-4C15-918E-A7C2ED97F040}.Debug|Any CPU.ActiveCfg = Debug|Any CPU
		{2B8EAE29-7D66-4C15-918E-A7C2ED97F040}.Debug|Any CPU.Build.0 = Debug|Any CPU
		{2B8EAE29-7D66-4C15-918E-A7C2ED97F040}.Release|Any CPU.ActiveCfg = Release|Any CPU
		{2B8EAE29-7D66-4C15-918E-A7C2ED97F040}.Release|Any CPU.Build.0 = Release|Any CPU
		{748ABF6C-F3E3-4872-8746-627ABFA7D322}.Debug|Any CPU.ActiveCfg = Debug|Any CPU
		{748ABF6C-F3E3-4872-8746-627ABFA7D322}.Debug|Any CPU.Build.0 = Debug|Any CPU
		{748ABF6C-F3E3-4872-8746-627ABFA7D322}.Release|Any CPU.ActiveCfg = Release|Any CPU
		{748ABF6C-F3E3-4872-8746-627ABFA7D322}.Release|Any CPU.Build.0 = Release|Any CPU
		{C6DF4487-DCBA-4047-9261-4BE7BEC6E2E4}.Debug|Any CPU.ActiveCfg = Debug|Any CPU
		{C6DF4487-DCBA-4047-9261-4BE7BEC6E2E4}.Debug|Any CPU.Build.0 = Debug|Any CPU
		{C6DF4487-DCBA-4047-9261-4BE7BEC6E2E4}.Release|Any CPU.ActiveCfg = Release|Any CPU
		{C6DF4487-DCBA-4047-9261-4BE7BEC6E2E4}.Release|Any CPU.Build.0 = Release|Any CPU
		{B4784434-C4E4-4C60-A1FD-0D9A1497B674}.Debug|Any CPU.ActiveCfg = Debug|Any CPU
		{B4784434-C4E4-4C60-A1FD-0D9A1497B674}.Debug|Any CPU.Build.0 = Debug|Any CPU
		{B4784434-C4E4-4C60-A1FD-0D9A1497B674}.Release|Any CPU.ActiveCfg = Release|Any CPU
		{B4784434-C4E4-4C60-A1FD-0D9A1497B674}.Release|Any CPU.Build.0 = Release|Any CPU
		{6AF05698-3D64-4FA5-B9DE-CCA2C2DD9CA1}.Debug|Any CPU.ActiveCfg = Debug|Any CPU
		{6AF05698-3D64-4FA5-B9DE-CCA2C2DD9CA1}.Debug|Any CPU.Build.0 = Debug|Any CPU
		{6AF05698-3D64-4FA5-B9DE-CCA2C2DD9CA1}.Release|Any CPU.ActiveCfg = Release|Any CPU
		{6AF05698-3D64-4FA5-B9DE-CCA2C2DD9CA1}.Release|Any CPU.Build.0 = Release|Any CPU
		{3589BA37-A44E-49DB-A370-26D41EB3955F}.Debug|Any CPU.ActiveCfg = Debug|Any CPU
		{3589BA37-A44E-49DB-A370-26D41EB3955F}.Debug|Any CPU.Build.0 = Debug|Any CPU
		{3589BA37-A44E-49DB-A370-26D41EB3955F}.Release|Any CPU.ActiveCfg = Release|Any CPU
		{3589BA37-A44E-49DB-A370-26D41EB3955F}.Release|Any CPU.Build.0 = Release|Any CPU
		{51F518B4-5A7F-438D-A164-145D527DB1FF}.Debug|Any CPU.ActiveCfg = Debug|Any CPU
		{51F518B4-5A7F-438D-A164-145D527DB1FF}.Debug|Any CPU.Build.0 = Debug|Any CPU
		{51F518B4-5A7F-438D-A164-145D527DB1FF}.Release|Any CPU.ActiveCfg = Release|Any CPU
		{51F518B4-5A7F-438D-A164-145D527DB1FF}.Release|Any CPU.Build.0 = Release|Any CPU
		{280A06EE-3A6C-422F-B303-040F90EA4B3B}.Debug|Any CPU.ActiveCfg = Debug|Any CPU
		{280A06EE-3A6C-422F-B303-040F90EA4B3B}.Debug|Any CPU.Build.0 = Debug|Any CPU
		{280A06EE-3A6C-422F-B303-040F90EA4B3B}.Release|Any CPU.ActiveCfg = Release|Any CPU
		{280A06EE-3A6C-422F-B303-040F90EA4B3B}.Release|Any CPU.Build.0 = Release|Any CPU
		{AB71CC3A-A9A4-4EA0-96FB-16036E92BBC9}.Debug|Any CPU.ActiveCfg = Debug|Any CPU
		{AB71CC3A-A9A4-4EA0-96FB-16036E92BBC9}.Debug|Any CPU.Build.0 = Debug|Any CPU
		{AB71CC3A-A9A4-4EA0-96FB-16036E92BBC9}.Release|Any CPU.ActiveCfg = Release|Any CPU
		{AB71CC3A-A9A4-4EA0-96FB-16036E92BBC9}.Release|Any CPU.Build.0 = Release|Any CPU
	EndGlobalSection
	GlobalSection(SolutionProperties) = preSolution
		HideSolutionNode = FALSE
	EndGlobalSection
	GlobalSection(NestedProjects) = preSolution
		{72B9021E-5D60-4494-8C19-96EA28F1154E} = {6136B651-45C5-48C7-80E7-943FF2461732}
		{FECAE646-75A5-4BA8-A038-4F36F4C8A98B} = {6136B651-45C5-48C7-80E7-943FF2461732}
		{E8C6995B-791B-449A-A9B9-AEA2047FAA1E} = {6136B651-45C5-48C7-80E7-943FF2461732}
		{2B8EAE29-7D66-4C15-918E-A7C2ED97F040} = {6136B651-45C5-48C7-80E7-943FF2461732}
		{748ABF6C-F3E3-4872-8746-627ABFA7D322} = {6136B651-45C5-48C7-80E7-943FF2461732}
		{C6DF4487-DCBA-4047-9261-4BE7BEC6E2E4} = {48C6A621-D898-4932-A28F-DFC0C1B272B6}
		{B4784434-C4E4-4C60-A1FD-0D9A1497B674} = {48C6A621-D898-4932-A28F-DFC0C1B272B6}
		{6AF05698-3D64-4FA5-B9DE-CCA2C2DD9CA1} = {48C6A621-D898-4932-A28F-DFC0C1B272B6}
		{3589BA37-A44E-49DB-A370-26D41EB3955F} = {48C6A621-D898-4932-A28F-DFC0C1B272B6}
		{51F518B4-5A7F-438D-A164-145D527DB1FF} = {48C6A621-D898-4932-A28F-DFC0C1B272B6}
		{280A06EE-3A6C-422F-B303-040F90EA4B3B} = {6136B651-45C5-48C7-80E7-943FF2461732}
		{AB71CC3A-A9A4-4EA0-96FB-16036E92BBC9} = {48C6A621-D898-4932-A28F-DFC0C1B272B6}
	EndGlobalSection
	GlobalSection(ExtensibilityGlobals) = postSolution
		SolutionGuid = {A0F9A175-218E-4414-B0EC-A227B0E5FA61}
	EndGlobalSection
EndGlobal
